{
  "name": "@ngx-ext/disabled-autocomplete",
  "version": "0.0.1-RC15",
  "lockfileVersion": 1,
  "requires": true,
  "dependencies": {
    "@ngx-ext/schematics": {
      "version": "0.0.1-RC10",
      "resolved": "https://registry.npmjs.org/@ngx-ext/schematics/-/schematics-0.0.1-RC10.tgz",
      "integrity": "sha512-J1/O6tk/hEZGjkT+MnGU8vtjVkxKNTQxieK+YVv/AOrLSdl1bmp9f1pnwFPgS5zmdheUvodTKACOhAIF2Jro2w=="
    },
    "@ngx-ext/schematics-api": {
      "version": "0.0.1",
      "resolved": "https://registry.npmjs.org/@ngx-ext/schematics-api/-/schematics-api-0.0.1.tgz",
      "integrity": "sha512-tPR+kF06QZ76Od1Ek+kbQCHd8PfchROQCP6sqopE5HRmi0Vlcj2ihc72/4c8UoniaJwFnbDQa8Fusy0V0stA/w=="
    }
  }
}
